# This file was autogenerated by Stack.
# You should not edit this file by hand.
# For more information, please see the documentation at:
#   https://docs.haskellstack.org/en/stable/lock_files

packages:
- completed:
    hackage: hedgehog-1.0@sha256:440dafedac48a34eac3871f8622b215462cfc0708536cb0458b7a8cf38247c69,4463
    pantry-tree:
      size: 2409
      sha256: 985f5ddc16bc1fd4b0c33d4b4e6f54d205fc63aa97b5912b0fcb370dc2a672e3
  original:
    hackage: hedgehog-1.0@sha256:440dafedac48a34eac3871f8622b215462cfc0708536cb0458b7a8cf38247c69,4463
- completed:
    hackage: tasty-hedgehog-1.0.0.1@sha256:cdcf60a29195bd0d819d3018c11db2e0deb7c6e559ad940c49409a5a7a982f83,1766
    pantry-tree:
      size: 330
      sha256: 7c26d9584f8ad1a86d9f5cbd6f5a8b81219eaee992e5a098ddab29a6c0b4b2bf
  original:
    hackage: tasty-hedgehog-1.0.0.1@sha256:cdcf60a29195bd0d819d3018c11db2e0deb7c6e559ad940c49409a5a7a982f83,1766
- completed:
    hackage: unliftio-pool-0.2.1.0@sha256:4de658feb1b10051c5af024c20cd7baa369c777716c54a7b3e2888a73286aecf,922
    pantry-tree:
      size: 217
      sha256: ddec03547e1feda7e861b49b2d1f2e188d41dc7bd04ae3d831f57d0813eb09a5
  original:
    hackage: unliftio-pool-0.2.1.0@sha256:4de658feb1b10051c5af024c20cd7baa369c777716c54a7b3e2888a73286aecf,922
snapshots:
- completed:
    size: 500539
    url: https://raw.githubusercontent.com/commercialhaskell/stackage-snapshots/master/lts/13/28.yaml
    sha256: cdde1bfb38fdee21c6acb73d506e78f7e12e0a73892adbbbe56374ebef4d3adf
  original: lts-13.28
